
Microsoft Visual Studio Solution File, Format Version 12.00
# Visual Studio Version 17
VisualStudioVersion = 17.11.35208.52
MinimumVisualStudioVersion = 10.0.40219.1
Project("{FAE04EC0-301F-11D3-BF4B-00C04F79EFBC}") = "task 22", "task 22\task 22.csproj", "{C453FA56-6560-45B8-BD47-3C7825E71837}"
EndProject
Global
	GlobalSection(SolutionConfigurationPlatforms) = preSolution
		Debug|Any CPU = Debug|Any CPU
		Release|Any CPU = Release|Any CPU
	EndGlobalSection
	GlobalSection(ProjectConfigurationPlatforms) = postSolution
		{C453FA56-6560-45B8-BD47-3C7825E71837}.Debug|Any CPU.ActiveCfg = Debug|Any CPU
		{C453FA56-6560-45B8-BD47-3C7825E71837}.Debug|Any CPU.Build.0 = Debug|Any CPU
		{C453FA56-6560-45B8-BD47-3C7825E71837}.Release|Any CPU.ActiveCfg = Release|Any CPU
		{C453FA56-6560-45B8-BD47-3C7825E71837}.Release|Any CPU.Build.0 = Release|Any CPU
	EndGlobalSection
	GlobalSection(SolutionProperties) = preSolution
		HideSolutionNode = FALSE
	EndGlobalSection
	GlobalSection(ExtensibilityGlobals) = postSolution
		SolutionGuid = {6C54FB43-5252-4AB2-A774-2CC1254AD3A9}
	EndGlobalSection
EndGlobal
